
Microsoft Visual Studio Solution File, Format Version 12.00
# Visual Studio 15
VisualStudioVersion = 15.0.27130.2010
MinimumVisualStudioVersion = 10.0.40219.1
Project("{FAE04EC0-301F-11D3-BF4B-00C04F79EFBC}") = "SignalRMVC", "SignalRMVC\SignalRMVC.csproj", "{B554CBC6-1644-410A-9D6C-1746FD7781DD}"
EndProject
Global
	GlobalSection(SolutionConfigurationPlatforms) = preSolution
		Debug|Any CPU = Debug|Any CPU
		Release|Any CPU = Release|Any CPU
	EndGlobalSection
	GlobalSection(ProjectConfigurationPlatforms) = postSolution
		{B554CBC6-1644-410A-9D6C-1746FD7781DD}.Debug|Any CPU.ActiveCfg = Debug|Any CPU
		{B554CBC6-1644-410A-9D6C-1746FD7781DD}.Debug|Any CPU.Build.0 = Debug|Any CPU
		{B554CBC6-1644-410A-9D6C-1746FD7781DD}.Release|Any CPU.ActiveCfg = Release|Any CPU
		{B554CBC6-1644-410A-9D6C-1746FD7781DD}.Release|Any CPU.Build.0 = Release|Any CPU
	EndGlobalSection
	GlobalSection(SolutionProperties) = preSolution
		HideSolutionNode = FALSE
	EndGlobalSection
	GlobalSection(ExtensibilityGlobals) = postSolution
		SolutionGuid = {219845B9-34CF-48F1-B9B2-462B32E1C8F2}
	EndGlobalSection
EndGlobal
